
Microsoft Visual Studio Solution File, Format Version 12.00
# Visual Studio Version 17
VisualStudioVersion = 17.11.35303.130
MinimumVisualStudioVersion = 10.0.40219.1
Project("{FAE04EC0-301F-11D3-BF4B-00C04F79EFBC}") = "Scanner", "Scanner\Scanner.csproj", "{AD517E7D-89B0-4F4D-8447-96FCE9F851B3}"
EndProject
Global
	GlobalSection(SolutionConfigurationPlatforms) = preSolution
		Debug|Any CPU = Debug|Any CPU
		Release|Any CPU = Release|Any CPU
	EndGlobalSection
	GlobalSection(ProjectConfigurationPlatforms) = postSolution
		{AD517E7D-89B0-4F4D-8447-96FCE9F851B3}.Debug|Any CPU.ActiveCfg = Debug|Any CPU
		{AD517E7D-89B0-4F4D-8447-96FCE9F851B3}.Debug|Any CPU.Build.0 = Debug|Any CPU
		{AD517E7D-89B0-4F4D-8447-96FCE9F851B3}.Release|Any CPU.ActiveCfg = Release|Any CPU
		{AD517E7D-89B0-4F4D-8447-96FCE9F851B3}.Release|Any CPU.Build.0 = Release|Any CPU
	EndGlobalSection
	GlobalSection(SolutionProperties) = preSolution
		HideSolutionNode = FALSE
	EndGlobalSection
	GlobalSection(ExtensibilityGlobals) = postSolution
		SolutionGuid = {5493A7E7-A35A-4B16-848C-22FB2E7CD28C}
	EndGlobalSection
EndGlobal
